// !$*UTF8*$!
{
	archiveVersion = 1;
	classes = {
	};
	objectVersion = 55;
	objects = {

/* Begin PBXBuildFile section */
		6D718FD32788B13D003717CE /* AppDelegate.swift in Sources */ = {isa = PBXBuildFile; fileRef = 6D718FD22788B13D003717CE /* AppDelegate.swift */; };
		6D718FD52788B13D003717CE /* SceneDelegate.swift in Sources */ = {isa = PBXBuildFile; fileRef = 6D718FD42788B13D003717CE /* SceneDelegate.swift */; };
		6D718FDA2788B13D003717CE /* Main.storyboard in Resources */ = {isa = PBXBuildFile; fileRef = 6D718FD82788B13D003717CE /* Main.storyboard */; };
		6D718FDC2788B13F003717CE /* Assets.xcassets in Resources */ = {isa = PBXBuildFile; fileRef = 6D718FDB2788B13F003717CE /* Assets.xcassets */; };
		6D718FDF2788B13F003717CE /* LaunchScreen.storyboard in Resources */ = {isa = PBXBuildFile; fileRef = 6D718FDD2788B13F003717CE /* LaunchScreen.storyboard */; };
		6D718FE92788B175003717CE /* Book.swift in Sources */ = {isa = PBXBuildFile; fileRef = 6D718FE82788B175003717CE /* Book.swift */; };
		6D718FEC2788B19E003717CE /* BookFormTableViewController.swift in Sources */ = {isa = PBXBuildFile; fileRef = 6D718FEB2788B19E003717CE /* BookFormTableViewController.swift */; };
		6D718FEE2788B1AF003717CE /* BookTableViewCell.swift in Sources */ = {isa = PBXBuildFile; fileRef = 6D718FED2788B1AF003717CE /* BookTableViewCell.swift */; };
		6D718FF02788B237003717CE /* BookTableViewController.swift in Sources */ = {isa = PBXBuildFile; fileRef = 6D718FEF2788B237003717CE /* BookTableViewController.swift */; };
/* End PBXBuildFile section */

/* Begin PBXFileReference section */
		6D718FCF2788B13D003717CE /* Favorite Books 2.app */ = {isa = PBXFileReference; explicitFileType = wrapper.application; includeInIndex = 0; path = "Favorite Books 2.app"; sourceTree = BUILT_PRODUCTS_DIR; };
		6D718FD22788B13D003717CE /* AppDelegate.swift */ = {isa = PBXFileReference; lastKnownFileType = sourcecode.swift; path = AppDelegate.swift; sourceTree = "<group>"; };
		6D718FD42788B13D003717CE /* SceneDelegate.swift */ = {isa = PBXFileReference; lastKnownFileType = sourcecode.swift; path = SceneDelegate.swift; sourceTree = "<group>"; };
		6D718FD92788B13D003717CE /* Base */ = {isa = PBXFileReference; lastKnownFileType = file.storyboard; name = Base; path = Base.lproj/Main.storyboard; sourceTree = "<group>"; };
		6D718FDB2788B13F003717CE /* Assets.xcassets */ = {isa = PBXFileReference; lastKnownFileType = folder.assetcatalog; path = Assets.xcassets; sourceTree = "<group>"; };
		6D718FDE2788B13F003717CE /* Base */ = {isa = PBXFileReference; lastKnownFileType = file.storyboard; name = Base; path = Base.lproj/LaunchScreen.storyboard; sourceTree = "<group>"; };
		6D718FE02788B13F003717CE /* Info.plist */ = {isa = PBXFileReference; lastKnownFileType = text.plist.xml; path = Info.plist; sourceTree = "<group>"; };
		6D718FE82788B175003717CE /* Book.swift */ = {isa = PBXFileReference; lastKnownFileType = sourcecode.swift; path = Book.swift; sourceTree = "<group>"; };
		6D718FEB2788B19E003717CE /* BookFormTableViewController.swift */ = {isa = PBXFileReference; lastKnownFileType = sourcecode.swift; path = BookFormTableViewController.swift; sourceTree = "<group>"; };
		6D718FED2788B1AF003717CE /* BookTableViewCell.swift */ = {isa = PBXFileReference; lastKnownFileType = sourcecode.swift; path = BookTableViewCell.swift; sourceTree = "<group>"; };
		6D718FEF2788B237003717CE /* BookTableViewController.swift */ = {isa = PBXFileReference; lastKnownFileType = sourcecode.swift; path = BookTableViewController.swift; sourceTree = "<group>"; };
/* End PBXFileReference section */

/* Begin PBXFrameworksBuildPhase section */
		6D718FCC2788B13D003717CE /* Frameworks */ = {
			isa = PBXFrameworksBuildPhase;
			buildActionMask = 2147483647;
			files = (
			);
			runOnlyForDeploymentPostprocessing = 0;
		};
/* End PBXFrameworksBuildPhase section */

/* Begin PBXGroup section */
		6D718FC62788B13D003717CE = {
			isa = PBXGroup;
			children = (
				6D718FD12788B13D003717CE /* Favorite Books 2 */,
				6D718FD02788B13D003717CE /* Products */,
			);
			sourceTree = "<group>";
		};
		6D718FD02788B13D003717CE /* Products */ = {
			isa = PBXGroup;
			children = (
				6D718FCF2788B13D003717CE /* Favorite Books 2.app */,
			);
			name = Products;
			sourceTree = "<group>";
		};
		6D718FD12788B13D003717CE /* Favorite Books 2 */ = {
			isa = PBXGroup;
			children = (
				6D718FD22788B13D003717CE /* AppDelegate.swift */,
				6D718FD42788B13D003717CE /* SceneDelegate.swift */,
				6D718FEA2788B17A003717CE /* Model */,
				6D718FE62788B159003717CE /* View */,
				6D718FE72788B160003717CE /* Controller */,
				6D718FDB2788B13F003717CE /* Assets.xcassets */,
				6D718FDD2788B13F003717CE /* LaunchScreen.storyboard */,
				6D718FE02788B13F003717CE /* Info.plist */,
			);
			path = "Favorite Books 2";
			sourceTree = "<group>";
		};
		6D718FE62788B159003717CE /* View */ = {
			isa = PBXGroup;
			children = (
				6D718FD82788B13D003717CE /* Main.storyboard */,
			);
			path = View;
			sourceTree = "<group>";
		};
		6D718FE72788B160003717CE /* Controller */ = {
			isa = PBXGroup;
			children = (
				6D718FEF2788B237003717CE /* BookTableViewController.swift */,
				6D718FED2788B1AF003717CE /* BookTableViewCell.swift */,
				6D718FEB2788B19E003717CE /* BookFormTableViewController.swift */,
			);
			path = Controller;
			sourceTree = "<group>";
		};
		6D718FEA2788B17A003717CE /* Model */ = {
			isa = PBXGroup;
			children = (
				6D718FE82788B175003717CE /* Book.swift */,
			);
			path = Model;
			sourceTree = "<group>";
		};
/* End PBXGroup section */

/* Begin PBXNativeTarget section */
		6D718FCE2788B13D003717CE /* Favorite Books 2 */ = {
			isa = PBXNativeTarget;
			buildConfigurationList = 6D718FE32788B13F003717CE /* Build configuration list for PBXNativeTarget "Favorite Books 2" */;
			buildPhases = (
				6D718FCB2788B13D003717CE /* Sources */,
				6D718FCC2788B13D003717CE /* Frameworks */,
				6D718FCD2788B13D003717CE /* Resources */,
			);
			buildRules = (
			);
			dependencies = (
			);
			name = "Favorite Books 2";
			productName = "Favorite Books 2";
			productReference = 6D718FCF2788B13D003717CE /* Favorite Books 2.app */;
			productType = "com.apple.product-type.application";
		};
/* End PBXNativeTarget section */

/* Begin PBXProject section */
		6D718FC72788B13D003717CE /* Project object */ = {
			isa = PBXProject;
			attributes = {
				BuildIndependentTargetsInParallel = 1;
				LastSwiftUpdateCheck = 1310;
				LastUpgradeCheck = 1310;
				TargetAttributes = {
					6D718FCE2788B13D003717CE = {
						CreatedOnToolsVersion = 13.1;
					};
				};
			};
			buildConfigurationList = 6D718FCA2788B13D003717CE /* Build configuration list for PBXProject "Favorite Books 2" */;
			compatibilityVersion = "Xcode 13.0";
			developmentRegion = en;
			hasScannedForEncodings = 0;
			knownRegions = (
				en,
				Base,
			);
			mainGroup = 6D718FC62788B13D003717CE;
			productRefGroup = 6D718FD02788B13D003717CE /* Products */;
			projectDirPath = "";
			projectRoot = "";
			targets = (
				6D718FCE2788B13D003717CE /* Favorite Books 2 */,
			);
		};
/* End PBXProject section */

/* Begin PBXResourcesBuildPhase section */
		6D718FCD2788B13D003717CE /* Resources */ = {
			isa = PBXResourcesBuildPhase;
			buildActionMask = 2147483647;
			files = (
				6D718FDF2788B13F003717CE /* LaunchScreen.storyboard in Resources */,
				6D718FDC2788B13F003717CE /* Assets.xcassets in Resources */,
				6D718FDA2788B13D003717CE /* Main.storyboard in Resources */,
			);
			runOnlyForDeploymentPostprocessing = 0;
		};
/* End PBXResourcesBuildPhase section */

/* Begin PBXSourcesBuildPhase section */
		6D718FCB2788B13D003717CE /* Sources */ = {
			isa = PBXSourcesBuildPhase;
			buildActionMask = 2147483647;
			files = (
				6D718FE92788B175003717CE /* Book.swift in Sources */,
				6D718FEC2788B19E003717CE /* BookFormTableViewController.swift in Sources */,
				6D718FD32788B13D003717CE /* AppDelegate.swift in Sources */,
				6D718FEE2788B1AF003717CE /* BookTableViewCell.swift in Sources */,
				6D718FF02788B237003717CE /* BookTableViewController.swift in Sources */,
				6D718FD52788B13D003717CE /* SceneDelegate.swift in Sources */,
			);
			runOnlyForDeploymentPostprocessing = 0;
		};
/* End PBXSourcesBuildPhase section */

/* Begin PBXVariantGroup section */
		6D718FD82788B13D003717CE /* Main.storyboard */ = {
			isa = PBXVariantGroup;
			children = (
				6D718FD92788B13D003717CE /* Base */,
			);
			name = Main.storyboard;
			sourceTree = "<group>";
		};
		6D718FDD2788B13F003717CE /* LaunchScreen.storyboard */ = {
			isa = PBXVariantGroup;
			children = (
				6D718FDE2788B13F003717CE /* Base */,
			);
			name = LaunchScreen.storyboard;
			sourceTree = "<group>";
		};
/* End PBXVariantGroup section */

/* Begin XCBuildConfiguration section */
		6D718FE12788B13F003717CE /* Debug */ = {
			isa = XCBuildConfiguration;
			buildSettings = {
				ALWAYS_SEARCH_USER_PATHS = NO;
				CLANG_ANALYZER_NONNULL = YES;
				CLANG_ANALYZER_NUMBER_OBJECT_CONVERSION = YES_AGGRESSIVE;
				CLANG_CXX_LANGUAGE_STANDARD = "gnu++17";
				CLANG_CXX_LIBRARY = "libc++";
				CLANG_ENABLE_MODULES = YES;
				CLANG_ENABLE_OBJC_ARC = YES;
				CLANG_ENABLE_OBJC_WEAK = YES;
				CLANG_WARN_BLOCK_CAPTURE_AUTORELEASING = YES;
				CLANG_WARN_BOOL_CONVERSION = YES;
				CLANG_WARN_COMMA = YES;
				CLANG_WARN_CONSTANT_CONVERSION = YES;
				CLANG_WARN_DEPRECATED_OBJC_IMPLEMENTATIONS = YES;
				CLANG_WARN_DIRECT_OBJC_ISA_USAGE = YES_ERROR;
				CLANG_WARN_DOCUMENTATION_COMMENTS = YES;
				CLANG_WARN_EMPTY_BODY = YES;
				CLANG_WARN_ENUM_CONVERSION = YES;
				CLANG_WARN_INFINITE_RECURSION = YES;
				CLANG_WARN_INT_CONVERSION = YES;
				CLANG_WARN_NON_LITERAL_NULL_CONVERSION = YES;
				CLANG_WARN_OBJC_IMPLICIT_RETAIN_SELF = YES;
				CLANG_WARN_OBJC_LITERAL_CONVERSION = YES;
				CLANG_WARN_OBJC_ROOT_CLASS = YES_ERROR;
				CLANG_WARN_QUOTED_INCLUDE_IN_FRAMEWORK_HEADER = YES;
				CLANG_WARN_RANGE_LOOP_ANALYSIS = YES;
				CLANG_WARN_STRICT_PROTOTYPES = YES;
				CLANG_WARN_SUSPICIOUS_MOVE = YES;
				CLANG_WARN_UNGUARDED_AVAILABILITY = YES_AGGRESSIVE;
				CLANG_WARN_UNREACHABLE_CODE = YES;
				CLANG_WARN__DUPLICATE_METHOD_MATCH = YES;
				COPY_PHASE_STRIP = NO;
				DEBUG_INFORMATION_FORMAT = dwarf;
				ENABLE_STRICT_OBJC_MSGSEND = YES;
				ENABLE_TESTABILITY = YES;
				GCC_C_LANGUAGE_STANDARD = gnu11;
				GCC_DYNAMIC_NO_PIC = NO;
				GCC_NO_COMMON_BLOCKS = YES;
				GCC_OPTIMIZATION_LEVEL = 0;
				GCC_PREPROCESSOR_DEFINITIONS = (
					"DEBUG=1",
					"$(inherited)",
				);
				GCC_WARN_64_TO_32_BIT_CONVERSION = YES;
				GCC_WARN_ABOUT_RETURN_TYPE = YES_ERROR;
				GCC_WARN_UNDECLARED_SELECTOR = YES;
				GCC_WARN_UNINITIALIZED_AUTOS = YES_AGGRESSIVE;
				GCC_WARN_UNUSED_FUNCTION = YES;
				GCC_WARN_UNUSED_VARIABLE = YES;
				IPHONEOS_DEPLOYMENT_TARGET = 15.0;
				MTL_ENABLE_DEBUG_INFO = INCLUDE_SOURCE;
				MTL_FAST_MATH = YES;
				ONLY_ACTIVE_ARCH = YES;
				SDKROOT = iphoneos;
				SWIFT_ACTIVE_COMPILATION_CONDITIONS = DEBUG;
				SWIFT_OPTIMIZATION_LEVEL = "-Onone";
			};
			name = Debug;
		};
		6D718FE22788B13F003717CE /* Release */ = {
			isa = XCBuildConfiguration;
			buildSettings = {
				ALWAYS_SEARCH_USER_PATHS = NO;
				CLANG_ANALYZER_NONNULL = YES;
				CLANG_ANALYZER_NUMBER_OBJECT_CONVERSION = YES_AGGRESSIVE;
				CLANG_CXX_LANGUAGE_STANDARD = "gnu++17";
				CLANG_CXX_LIBRARY = "libc++";
				CLANG_ENABLE_MODULES = YES;
				CLANG_ENABLE_OBJC_ARC = YES;
				CLANG_ENABLE_OBJC_WEAK = YES;
				CLANG_WARN_BLOCK_CAPTURE_AUTORELEASING = YES;
				CLANG_WARN_BOOL_CONVERSION = YES;
				CLANG_WARN_COMMA = YES;
				CLANG_WARN_CONSTANT_CONVERSION = YES;
				CLANG_WARN_DEPRECATED_OBJC_IMPLEMENTATIONS = YES;
				CLANG_WARN_DIRECT_OBJC_ISA_USAGE = YES_ERROR;
				CLANG_WARN_DOCUMENTATION_COMMENTS = YES;
				CLANG_WARN_EMPTY_BODY = YES;
				CLANG_WARN_ENUM_CONVERSION = YES;
				CLANG_WARN_INFINITE_RECURSION = YES;
				CLANG_WARN_INT_CONVERSION = YES;
				CLANG_WARN_NON_LITERAL_NULL_CONVERSION = YES;
				CLANG_WARN_OBJC_IMPLICIT_RETAIN_SELF = YES;
				CLANG_WARN_OBJC_LITERAL_CONVERSION = YES;
				CLANG_WARN_OBJC_ROOT_CLASS = YES_ERROR;
				CLANG_WARN_QUOTED_INCLUDE_IN_FRAMEWORK_HEADER = YES;
				CLANG_WARN_RANGE_LOOP_ANALYSIS = YES;
				CLANG_WARN_STRICT_PROTOTYPES = YES;
				CLANG_WARN_SUSPICIOUS_MOVE = YES;
				CLANG_WARN_UNGUARDED_AVAILABILITY = YES_AGGRESSIVE;
				CLANG_WARN_UNREACHABLE_CODE = YES;
				CLANG_WARN__DUPLICATE_METHOD_MATCH = YES;
				COPY_PHASE_STRIP = NO;
				DEBUG_INFORMATION_FORMAT = "dwarf-with-dsym";
				ENABLE_NS_ASSERTIONS = NO;
				ENABLE_STRICT_OBJC_MSGSEND = YES;
				GCC_C_LANGUAGE_STANDARD = gnu11;
				GCC_NO_COMMON_BLOCKS = YES;
				GCC_WARN_64_TO_32_BIT_CONVERSION = YES;
				GCC_WARN_ABOUT_RETURN_TYPE = YES_ERROR;
				GCC_WARN_UNDECLARED_SELECTOR = YES;
				GCC_WARN_UNINITIALIZED_AUTOS = YES_AGGRESSIVE;
				GCC_WARN_UNUSED_FUNCTION = YES;
				GCC_WARN_UNUSED_VARIABLE = YES;
				IPHONEOS_DEPLOYMENT_TARGET = 15.0;
				MTL_ENABLE_DEBUG_INFO = NO;
				MTL_FAST_MATH = YES;
				SDKROOT = iphoneos;
				SWIFT_COMPILATION_MODE = wholemodule;
				SWIFT_OPTIMIZATION_LEVEL = "-O";
				VALIDATE_PRODUCT = YES;
			};
			name = Release;
		};
		6D718FE42788B13F003717CE /* Debug */ = {
			isa = XCBuildConfiguration;
			buildSettings = {
				ASSETCATALOG_COMPILER_APPICON_NAME = AppIcon;
				ASSETCATALOG_COMPILER_GLOBAL_ACCENT_COLOR_NAME = AccentColor;
				CODE_SIGN_STYLE = Automatic;
				CURRENT_PROJECT_VERSION = 1;
				GENERATE_INFOPLIST_FILE = YES;
				INFOPLIST_FILE = "Favorite Books 2/Info.plist";
				INFOPLIST_KEY_UIApplicationSupportsIndirectInputEvents = YES;
				INFOPLIST_KEY_UILaunchStoryboardName = LaunchScreen;
				INFOPLIST_KEY_UIMainStoryboardFile = Main;
				INFOPLIST_KEY_UISupportedInterfaceOrientations_iPad = "UIInterfaceOrientationPortrait UIInterfaceOrientationPortraitUpsideDown UIInterfaceOrientationLandscapeLeft UIInterfaceOrientationLandscapeRight";
				INFOPLIST_KEY_UISupportedInterfaceOrientations_iPhone = "UIInterfaceOrientationPortrait UIInterfaceOrientationLandscapeLeft UIInterfaceOrientationLandscapeRight";
				LD_RUNPATH_SEARCH_PATHS = (
					"$(inherited)",
					"@executable_path/Frameworks",
				);
				MARKETING_VERSION = 1.0;
				PRODUCT_BUNDLE_IDENTIFIER = "Navid.Favorite-Books-2";
				PRODUCT_NAME = "$(TARGET_NAME)";
				SWIFT_EMIT_LOC_STRINGS = YES;
				SWIFT_VERSION = 5.0;
				TARGETED_DEVICE_FAMILY = "1,2";
			};
			name = Debug;
		};
		6D718FE52788B13F003717CE /* Release */ = {
			isa = XCBuildConfiguration;
			buildSettings = {
				ASSETCATALOG_COMPILER_APPICON_NAME = AppIcon;
				ASSETCATALOG_COMPILER_GLOBAL_ACCENT_COLOR_NAME = AccentColor;
				CODE_SIGN_STYLE = Automatic;
				CURRENT_PROJECT_VERSION = 1;
				GENERATE_INFOPLIST_FILE = YES;
				INFOPLIST_FILE = "Favorite Books 2/Info.plist";
				INFOPLIST_KEY_UIApplicationSupportsIndirectInputEvents = YES;
				INFOPLIST_KEY_UILaunchStoryboardName = LaunchScreen;
				INFOPLIST_KEY_UIMainStoryboardFile = Main;
				INFOPLIST_KEY_UISupportedInterfaceOrientations_iPad = "UIInterfaceOrientationPortrait UIInterfaceOrientationPortraitUpsideDown UIInterfaceOrientationLandscapeLeft UIInterfaceOrientationLandscapeRight";
				INFOPLIST_KEY_UISupportedInterfaceOrientations_iPhone = "UIInterfaceOrientationPortrait UIInterfaceOrientationLandscapeLeft UIInterfaceOrientationLandscapeRight";
				LD_RUNPATH_SEARCH_PATHS = (
					"$(inherited)",
					"@executable_path/Frameworks",
				);
				MARKETING_VERSION = 1.0;
				PRODUCT_BUNDLE_IDENTIFIER = "Navid.Favorite-Books-2";
				PRODUCT_NAME = "$(TARGET_NAME)";
				SWIFT_EMIT_LOC_STRINGS = YES;
				SWIFT_VERSION = 5.0;
				TARGETED_DEVICE_FAMILY = "1,2";
			};
			name = Release;
		};
/* End XCBuildConfiguration section */

/* Begin XCConfigurationList section */
		6D718FCA2788B13D003717CE /* Build configuration list for PBXProject "Favorite Books 2" */ = {
			isa = XCConfigurationList;
			buildConfigurations = (
				6D718FE12788B13F003717CE /* Debug */,
				6D718FE22788B13F003717CE /* Release */,
			);
			defaultConfigurationIsVisible = 0;
			defaultConfigurationName = Release;
		};
		6D718FE32788B13F003717CE /* Build configuration list for PBXNativeTarget "Favorite Books 2" */ = {
			isa = XCConfigurationList;
			buildConfigurations = (
				6D718FE42788B13F003717CE /* Debug */,
				6D718FE52788B13F003717CE /* Release */,
			);
			defaultConfigurationIsVisible = 0;
			defaultConfigurationName = Release;
		};
/* End XCConfigurationList section */
	};
	rootObject = 6D718FC72788B13D003717CE /* Project object */;
}
